// !$*UTF8*$!
{
	archiveVersion = 1;
	classes = {
	};
	objectVersion = 50;
	objects = {

/* Begin PBXBuildFile section */
		C479BF1723B9747D004F169F /* AppDelegate.swift in Sources */ = {isa = PBXBuildFile; fileRef = C479BF1623B9747D004F169F /* AppDelegate.swift */; };
		C479BF1923B9747D004F169F /* SceneDelegate.swift in Sources */ = {isa = PBXBuildFile; fileRef = C479BF1823B9747D004F169F /* SceneDelegate.swift */; };
		C479BF1C23B9747D004F169F /* SockItToMeSwiftly.xcdatamodeld in Sources */ = {isa = PBXBuildFile; fileRef = C479BF1A23B9747D004F169F /* SockItToMeSwiftly.xcdatamodeld */; };
		C479BF1E23B9747D004F169F /* ContentView.swift in Sources */ = {isa = PBXBuildFile; fileRef = C479BF1D23B9747D004F169F /* ContentView.swift */; };
		C479BF2023B97480004F169F /* Assets.xcassets in Resources */ = {isa = PBXBuildFile; fileRef = C479BF1F23B97480004F169F /* Assets.xcassets */; };
		C479BF2323B97480004F169F /* Preview Assets.xcassets in Resources */ = {isa = PBXBuildFile; fileRef = C479BF2223B97480004F169F /* Preview Assets.xcassets */; };
		C479BF2623B97480004F169F /* LaunchScreen.storyboard in Resources */ = {isa = PBXBuildFile; fileRef = C479BF2423B97480004F169F /* LaunchScreen.storyboard */; };
		C479BF2F23B9766D004F169F /* Foot.swift in Sources */ = {isa = PBXBuildFile; fileRef = C479BF2E23B9766D004F169F /* Foot.swift */; };
		C479BF3123B97754004F169F /* Pattern.swift in Sources */ = {isa = PBXBuildFile; fileRef = C479BF3023B97754004F169F /* Pattern.swift */; };
		C479BF3323B97825004F169F /* Project.swift in Sources */ = {isa = PBXBuildFile; fileRef = C479BF3223B97825004F169F /* Project.swift */; };
/* End PBXBuildFile section */

/* Begin PBXFileReference section */
		C479BF1323B9747D004F169F /* SockItToMeSwiftly.app */ = {isa = PBXFileReference; explicitFileType = wrapper.application; includeInIndex = 0; path = SockItToMeSwiftly.app; sourceTree = BUILT_PRODUCTS_DIR; };
		C479BF1623B9747D004F169F /* AppDelegate.swift */ = {isa = PBXFileReference; lastKnownFileType = sourcecode.swift; path = AppDelegate.swift; sourceTree = "<group>"; };
		C479BF1823B9747D004F169F /* SceneDelegate.swift */ = {isa = PBXFileReference; lastKnownFileType = sourcecode.swift; path = SceneDelegate.swift; sourceTree = "<group>"; };
		C479BF1B23B9747D004F169F /* SockItToMeSwiftly.xcdatamodel */ = {isa = PBXFileReference; lastKnownFileType = wrapper.xcdatamodel; path = SockItToMeSwiftly.xcdatamodel; sourceTree = "<group>"; };
		C479BF1D23B9747D004F169F /* ContentView.swift */ = {isa = PBXFileReference; lastKnownFileType = sourcecode.swift; path = ContentView.swift; sourceTree = "<group>"; };
		C479BF1F23B97480004F169F /* Assets.xcassets */ = {isa = PBXFileReference; lastKnownFileType = folder.assetcatalog; path = Assets.xcassets; sourceTree = "<group>"; };
		C479BF2223B97480004F169F /* Preview Assets.xcassets */ = {isa = PBXFileReference; lastKnownFileType = folder.assetcatalog; path = "Preview Assets.xcassets"; sourceTree = "<group>"; };
		C479BF2523B97480004F169F /* Base */ = {isa = PBXFileReference; lastKnownFileType = file.storyboard; name = Base; path = Base.lproj/LaunchScreen.storyboard; sourceTree = "<group>"; };
		C479BF2723B97480004F169F /* Info.plist */ = {isa = PBXFileReference; lastKnownFileType = text.plist.xml; path = Info.plist; sourceTree = "<group>"; };
		C479BF2E23B9766D004F169F /* Foot.swift */ = {isa = PBXFileReference; lastKnownFileType = sourcecode.swift; path = Foot.swift; sourceTree = "<group>"; };
		C479BF3023B97754004F169F /* Pattern.swift */ = {isa = PBXFileReference; lastKnownFileType = sourcecode.swift; path = Pattern.swift; sourceTree = "<group>"; };
		C479BF3223B97825004F169F /* Project.swift */ = {isa = PBXFileReference; lastKnownFileType = sourcecode.swift; path = Project.swift; sourceTree = "<group>"; };
/* End PBXFileReference section */

/* Begin PBXFrameworksBuildPhase section */
		C479BF1023B9747D004F169F /* Frameworks */ = {
			isa = PBXFrameworksBuildPhase;
			buildActionMask = 2147483647;
			files = (
			);
			runOnlyForDeploymentPostprocessing = 0;
		};
/* End PBXFrameworksBuildPhase section */

/* Begin PBXGroup section */
		C479BF0A23B9747D004F169F = {
			isa = PBXGroup;
			children = (
				C479BF1523B9747D004F169F /* SockItToMeSwiftly */,
				C479BF1423B9747D004F169F /* Products */,
			);
			sourceTree = "<group>";
		};
		C479BF1423B9747D004F169F /* Products */ = {
			isa = PBXGroup;
			children = (
				C479BF1323B9747D004F169F /* SockItToMeSwiftly.app */,
			);
			name = Products;
			sourceTree = "<group>";
		};
		C479BF1523B9747D004F169F /* SockItToMeSwiftly */ = {
			isa = PBXGroup;
			children = (
				C479BF2D23B9764E004F169F /* ProjectModel */,
				C479BF1623B9747D004F169F /* AppDelegate.swift */,
				C479BF1823B9747D004F169F /* SceneDelegate.swift */,
				C479BF1D23B9747D004F169F /* ContentView.swift */,
				C479BF1F23B97480004F169F /* Assets.xcassets */,
				C479BF2423B97480004F169F /* LaunchScreen.storyboard */,
				C479BF2723B97480004F169F /* Info.plist */,
				C479BF1A23B9747D004F169F /* SockItToMeSwiftly.xcdatamodeld */,
				C479BF2123B97480004F169F /* Preview Content */,
			);
			path = SockItToMeSwiftly;
			sourceTree = "<group>";
		};
		C479BF2123B97480004F169F /* Preview Content */ = {
			isa = PBXGroup;
			children = (
				C479BF2223B97480004F169F /* Preview Assets.xcassets */,
			);
			path = "Preview Content";
			sourceTree = "<group>";
		};
		C479BF2D23B9764E004F169F /* ProjectModel */ = {
			isa = PBXGroup;
			children = (
				C479BF2E23B9766D004F169F /* Foot.swift */,
				C479BF3023B97754004F169F /* Pattern.swift */,
				C479BF3223B97825004F169F /* Project.swift */,
			);
			path = ProjectModel;
			sourceTree = "<group>";
		};
/* End PBXGroup section */

/* Begin PBXNativeTarget section */
		C479BF1223B9747D004F169F /* SockItToMeSwiftly */ = {
			isa = PBXNativeTarget;
			buildConfigurationList = C479BF2A23B97480004F169F /* Build configuration list for PBXNativeTarget "SockItToMeSwiftly" */;
			buildPhases = (
				C479BF0F23B9747D004F169F /* Sources */,
				C479BF1023B9747D004F169F /* Frameworks */,
				C479BF1123B9747D004F169F /* Resources */,
			);
			buildRules = (
			);
			dependencies = (
			);
			name = SockItToMeSwiftly;
			productName = SockItToMeSwiftly;
			productReference = C479BF1323B9747D004F169F /* SockItToMeSwiftly.app */;
			productType = "com.apple.product-type.application";
		};
/* End PBXNativeTarget section */

/* Begin PBXProject section */
		C479BF0B23B9747D004F169F /* Project object */ = {
			isa = PBXProject;
			attributes = {
				LastSwiftUpdateCheck = 1130;
				LastUpgradeCheck = 1130;
				ORGANIZATIONNAME = "Dumb Blonde Software";
				TargetAttributes = {
					C479BF1223B9747D004F169F = {
						CreatedOnToolsVersion = 11.3;
					};
				};
			};
			buildConfigurationList = C479BF0E23B9747D004F169F /* Build configuration list for PBXProject "SockItToMeSwiftly" */;
			compatibilityVersion = "Xcode 9.3";
			developmentRegion = en;
			hasScannedForEncodings = 0;
			knownRegions = (
				en,
				Base,
			);
			mainGroup = C479BF0A23B9747D004F169F;
			productRefGroup = C479BF1423B9747D004F169F /* Products */;
			projectDirPath = "";
			projectRoot = "";
			targets = (
				C479BF1223B9747D004F169F /* SockItToMeSwiftly */,
			);
		};
/* End PBXProject section */

/* Begin PBXResourcesBuildPhase section */
		C479BF1123B9747D004F169F /* Resources */ = {
			isa = PBXResourcesBuildPhase;
			buildActionMask = 2147483647;
			files = (
				C479BF2623B97480004F169F /* LaunchScreen.storyboard in Resources */,
				C479BF2323B97480004F169F /* Preview Assets.xcassets in Resources */,
				C479BF2023B97480004F169F /* Assets.xcassets in Resources */,
			);
			runOnlyForDeploymentPostprocessing = 0;
		};
/* End PBXResourcesBuildPhase section */

/* Begin PBXSourcesBuildPhase section */
		C479BF0F23B9747D004F169F /* Sources */ = {
			isa = PBXSourcesBuildPhase;
			buildActionMask = 2147483647;
			files = (
				C479BF3123B97754004F169F /* Pattern.swift in Sources */,
				C479BF1C23B9747D004F169F /* SockItToMeSwiftly.xcdatamodeld in Sources */,
				C479BF1723B9747D004F169F /* AppDelegate.swift in Sources */,
				C479BF2F23B9766D004F169F /* Foot.swift in Sources */,
				C479BF1E23B9747D004F169F /* ContentView.swift in Sources */,
				C479BF3323B97825004F169F /* Project.swift in Sources */,
				C479BF1923B9747D004F169F /* SceneDelegate.swift in Sources */,
			);
			runOnlyForDeploymentPostprocessing = 0;
		};
/* End PBXSourcesBuildPhase section */

/* Begin PBXVariantGroup section */
		C479BF2423B97480004F169F /* LaunchScreen.storyboard */ = {
			isa = PBXVariantGroup;
			children = (
				C479BF2523B97480004F169F /* Base */,
			);
			name = LaunchScreen.storyboard;
			sourceTree = "<group>";
		};
/* End PBXVariantGroup section */

/* Begin XCBuildConfiguration section */
		C479BF2823B97480004F169F /* Debug */ = {
			isa = XCBuildConfiguration;
			buildSettings = {
				ALWAYS_SEARCH_USER_PATHS = NO;
				CLANG_ANALYZER_NONNULL = YES;
				CLANG_ANALYZER_NUMBER_OBJECT_CONVERSION = YES_AGGRESSIVE;
				CLANG_CXX_LANGUAGE_STANDARD = "gnu++14";
				CLANG_CXX_LIBRARY = "libc++";
				CLANG_ENABLE_MODULES = YES;
				CLANG_ENABLE_OBJC_ARC = YES;
				CLANG_ENABLE_OBJC_WEAK = YES;
				CLANG_WARN_BLOCK_CAPTURE_AUTORELEASING = YES;
				CLANG_WARN_BOOL_CONVERSION = YES;
				CLANG_WARN_COMMA = YES;
				CLANG_WARN_CONSTANT_CONVERSION = YES;
				CLANG_WARN_DEPRECATED_OBJC_IMPLEMENTATIONS = YES;
				CLANG_WARN_DIRECT_OBJC_ISA_USAGE = YES_ERROR;
				CLANG_WARN_DOCUMENTATION_COMMENTS = YES;
				CLANG_WARN_EMPTY_BODY = YES;
				CLANG_WARN_ENUM_CONVERSION = YES;
				CLANG_WARN_INFINITE_RECURSION = YES;
				CLANG_WARN_INT_CONVERSION = YES;
				CLANG_WARN_NON_LITERAL_NULL_CONVERSION = YES;
				CLANG_WARN_OBJC_IMPLICIT_RETAIN_SELF = YES;
				CLANG_WARN_OBJC_LITERAL_CONVERSION = YES;
				CLANG_WARN_OBJC_ROOT_CLASS = YES_ERROR;
				CLANG_WARN_RANGE_LOOP_ANALYSIS = YES;
				CLANG_WARN_STRICT_PROTOTYPES = YES;
				CLANG_WARN_SUSPICIOUS_MOVE = YES;
				CLANG_WARN_UNGUARDED_AVAILABILITY = YES_AGGRESSIVE;
				CLANG_WARN_UNREACHABLE_CODE = YES;
				CLANG_WARN__DUPLICATE_METHOD_MATCH = YES;
				COPY_PHASE_STRIP = NO;
				DEBUG_INFORMATION_FORMAT = dwarf;
				ENABLE_STRICT_OBJC_MSGSEND = YES;
				ENABLE_TESTABILITY = YES;
				GCC_C_LANGUAGE_STANDARD = gnu11;
				GCC_DYNAMIC_NO_PIC = NO;
				GCC_NO_COMMON_BLOCKS = YES;
				GCC_OPTIMIZATION_LEVEL = 0;
				GCC_PREPROCESSOR_DEFINITIONS = (
					"DEBUG=1",
					"$(inherited)",
				);
				GCC_WARN_64_TO_32_BIT_CONVERSION = YES;
				GCC_WARN_ABOUT_RETURN_TYPE = YES_ERROR;
				GCC_WARN_UNDECLARED_SELECTOR = YES;
				GCC_WARN_UNINITIALIZED_AUTOS = YES_AGGRESSIVE;
				GCC_WARN_UNUSED_FUNCTION = YES;
				GCC_WARN_UNUSED_VARIABLE = YES;
				IPHONEOS_DEPLOYMENT_TARGET = 13.2;
				MTL_ENABLE_DEBUG_INFO = INCLUDE_SOURCE;
				MTL_FAST_MATH = YES;
				ONLY_ACTIVE_ARCH = YES;
				SDKROOT = iphoneos;
				SWIFT_ACTIVE_COMPILATION_CONDITIONS = DEBUG;
				SWIFT_OPTIMIZATION_LEVEL = "-Onone";
			};
			name = Debug;
		};
		C479BF2923B97480004F169F /* Release */ = {
			isa = XCBuildConfiguration;
			buildSettings = {
				ALWAYS_SEARCH_USER_PATHS = NO;
				CLANG_ANALYZER_NONNULL = YES;
				CLANG_ANALYZER_NUMBER_OBJECT_CONVERSION = YES_AGGRESSIVE;
				CLANG_CXX_LANGUAGE_STANDARD = "gnu++14";
				CLANG_CXX_LIBRARY = "libc++";
				CLANG_ENABLE_MODULES = YES;
				CLANG_ENABLE_OBJC_ARC = YES;
				CLANG_ENABLE_OBJC_WEAK = YES;
				CLANG_WARN_BLOCK_CAPTURE_AUTORELEASING = YES;
				CLANG_WARN_BOOL_CONVERSION = YES;
				CLANG_WARN_COMMA = YES;
				CLANG_WARN_CONSTANT_CONVERSION = YES;
				CLANG_WARN_DEPRECATED_OBJC_IMPLEMENTATIONS = YES;
				CLANG_WARN_DIRECT_OBJC_ISA_USAGE = YES_ERROR;
				CLANG_WARN_DOCUMENTATION_COMMENTS = YES;
				CLANG_WARN_EMPTY_BODY = YES;
				CLANG_WARN_ENUM_CONVERSION = YES;
				CLANG_WARN_INFINITE_RECURSION = YES;
				CLANG_WARN_INT_CONVERSION = YES;
				CLANG_WARN_NON_LITERAL_NULL_CONVERSION = YES;
				CLANG_WARN_OBJC_IMPLICIT_RETAIN_SELF = YES;
				CLANG_WARN_OBJC_LITERAL_CONVERSION = YES;
				CLANG_WARN_OBJC_ROOT_CLASS = YES_ERROR;
				CLANG_WARN_RANGE_LOOP_ANALYSIS = YES;
				CLANG_WARN_STRICT_PROTOTYPES = YES;
				CLANG_WARN_SUSPICIOUS_MOVE = YES;
				CLANG_WARN_UNGUARDED_AVAILABILITY = YES_AGGRESSIVE;
				CLANG_WARN_UNREACHABLE_CODE = YES;
				CLANG_WARN__DUPLICATE_METHOD_MATCH = YES;
				COPY_PHASE_STRIP = NO;
				DEBUG_INFORMATION_FORMAT = "dwarf-with-dsym";
				ENABLE_NS_ASSERTIONS = NO;
				ENABLE_STRICT_OBJC_MSGSEND = YES;
				GCC_C_LANGUAGE_STANDARD = gnu11;
				GCC_NO_COMMON_BLOCKS = YES;
				GCC_WARN_64_TO_32_BIT_CONVERSION = YES;
				GCC_WARN_ABOUT_RETURN_TYPE = YES_ERROR;
				GCC_WARN_UNDECLARED_SELECTOR = YES;
				GCC_WARN_UNINITIALIZED_AUTOS = YES_AGGRESSIVE;
				GCC_WARN_UNUSED_FUNCTION = YES;
				GCC_WARN_UNUSED_VARIABLE = YES;
				IPHONEOS_DEPLOYMENT_TARGET = 13.2;
				MTL_ENABLE_DEBUG_INFO = NO;
				MTL_FAST_MATH = YES;
				SDKROOT = iphoneos;
				SWIFT_COMPILATION_MODE = wholemodule;
				SWIFT_OPTIMIZATION_LEVEL = "-O";
				VALIDATE_PRODUCT = YES;
			};
			name = Release;
		};
		C479BF2B23B97480004F169F /* Debug */ = {
			isa = XCBuildConfiguration;
			buildSettings = {
				ASSETCATALOG_COMPILER_APPICON_NAME = AppIcon;
				CODE_SIGN_STYLE = Automatic;
				DEVELOPMENT_ASSET_PATHS = "\"SockItToMeSwiftly/Preview Content\"";
				DEVELOPMENT_TEAM = K8633K44E8;
				ENABLE_PREVIEWS = YES;
				INFOPLIST_FILE = SockItToMeSwiftly/Info.plist;
				LD_RUNPATH_SEARCH_PATHS = (
					"$(inherited)",
					"@executable_path/Frameworks",
				);
				PRODUCT_BUNDLE_IDENTIFIER = self.edu.diane.SockItToMeSwiftly;
				PRODUCT_NAME = "$(TARGET_NAME)";
				SWIFT_VERSION = 5.0;
				TARGETED_DEVICE_FAMILY = "1,2";
			};
			name = Debug;
		};
		C479BF2C23B97480004F169F /* Release */ = {
			isa = XCBuildConfiguration;
			buildSettings = {
				ASSETCATALOG_COMPILER_APPICON_NAME = AppIcon;
				CODE_SIGN_STYLE = Automatic;
				DEVELOPMENT_ASSET_PATHS = "\"SockItToMeSwiftly/Preview Content\"";
				DEVELOPMENT_TEAM = K8633K44E8;
				ENABLE_PREVIEWS = YES;
				INFOPLIST_FILE = SockItToMeSwiftly/Info.plist;
				LD_RUNPATH_SEARCH_PATHS = (
					"$(inherited)",
					"@executable_path/Frameworks",
				);
				PRODUCT_BUNDLE_IDENTIFIER = self.edu.diane.SockItToMeSwiftly;
				PRODUCT_NAME = "$(TARGET_NAME)";
				SWIFT_VERSION = 5.0;
				TARGETED_DEVICE_FAMILY = "1,2";
			};
			name = Release;
		};
/* End XCBuildConfiguration section */

/* Begin XCConfigurationList section */
		C479BF0E23B9747D004F169F /* Build configuration list for PBXProject "SockItToMeSwiftly" */ = {
			isa = XCConfigurationList;
			buildConfigurations = (
				C479BF2823B97480004F169F /* Debug */,
				C479BF2923B97480004F169F /* Release */,
			);
			defaultConfigurationIsVisible = 0;
			defaultConfigurationName = Release;
		};
		C479BF2A23B97480004F169F /* Build configuration list for PBXNativeTarget "SockItToMeSwiftly" */ = {
			isa = XCConfigurationList;
			buildConfigurations = (
				C479BF2B23B97480004F169F /* Debug */,
				C479BF2C23B97480004F169F /* Release */,
			);
			defaultConfigurationIsVisible = 0;
			defaultConfigurationName = Release;
		};
/* End XCConfigurationList section */

/* Begin XCVersionGroup section */
		C479BF1A23B9747D004F169F /* SockItToMeSwiftly.xcdatamodeld */ = {
			isa = XCVersionGroup;
			children = (
				C479BF1B23B9747D004F169F /* SockItToMeSwiftly.xcdatamodel */,
			);
			currentVersion = C479BF1B23B9747D004F169F /* SockItToMeSwiftly.xcdatamodel */;
			path = SockItToMeSwiftly.xcdatamodeld;
			sourceTree = "<group>";
			versionGroupType = wrapper.xcdatamodel;
		};
/* End XCVersionGroup section */
	};
	rootObject = C479BF0B23B9747D004F169F /* Project object */;
}
